{
  "name": "my-utils",
  "version": "1.0.0",
  "lockfileVersion": 2,
  "requires": true,
  "packages": {
    "": {
      "name": "my-utils",
      "version": "1.0.0",
      "workspaces": [
        "packages/oh-versions"
      ]
    },
    "node_modules/oh-versions": {
      "resolved": "packages/oh-versions",
      "link": true
    },
    "packages/oh-versions": {
      "version": "1.0.0",
      "license": "MIT",
      "dependencies": {
        "chalk": "^5.2.0",
        "commander": "^10.0.0",
        "diff-match-patch": "^1.0.5",
        "ora": "^6.1.2"
      },
      "bin": {
        "oh-versions": "cli.js"
      },
      "devDependencies": {
        "@types/diff-match-patch": "^1.0.32"
      }
    },
    "packages/oh-versions/node_modules/@types/diff-match-patch": {
      "version": "1.0.32",
      "dev": true,
      "license": "MIT"
    },
    "packages/oh-versions/node_modules/ansi-regex": {
      "version": "6.0.1",
      "license": "MIT",
      "engines": {
        "node": ">=12"
      },
      "funding": {
        "url": "https://github.com/chalk/ansi-regex?sponsor=1"
      }
    },
    "packages/oh-versions/node_modules/base64-js": {
      "version": "1.5.1",
      "funding": [
        {
          "type": "github",
          "url": "https://github.com/sponsors/feross"
        },
        {
          "type": "patreon",
          "url": "https://www.patreon.com/feross"
        },
        {
          "type": "consulting",
          "url": "https://feross.org/support"
        }
      ],
      "license": "MIT"
    },
    "packages/oh-versions/node_modules/bl": {
      "version": "5.1.0",
      "license": "MIT",
      "dependencies": {
        "buffer": "^6.0.3",
        "inherits": "^2.0.4",
        "readable-stream": "^3.4.0"
      }
    },
    "packages/oh-versions/node_modules/buffer": {
      "version": "6.0.3",
      "funding": [
        {
          "type": "github",
          "url": "https://github.com/sponsors/feross"
        },
        {
          "type": "patreon",
          "url": "https://www.patreon.com/feross"
        },
        {
          "type": "consulting",
          "url": "https://feross.org/support"
        }
      ],
      "license": "MIT",
      "dependencies": {
        "base64-js": "^1.3.1",
        "ieee754": "^1.2.1"
      }
    },
    "packages/oh-versions/node_modules/chalk": {
      "version": "5.2.0",
      "license": "MIT",
      "engines": {
        "node": "^12.17.0 || ^14.13 || >=16.0.0"
      },
      "funding": {
        "url": "https://github.com/chalk/chalk?sponsor=1"
      }
    },
    "packages/oh-versions/node_modules/cli-cursor": {
      "version": "4.0.0",
      "license": "MIT",
      "dependencies": {
        "restore-cursor": "^4.0.0"
      },
      "engines": {
        "node": "^12.20.0 || ^14.13.1 || >=16.0.0"
      },
      "funding": {
        "url": "https://github.com/sponsors/sindresorhus"
      }
    },
    "packages/oh-versions/node_modules/cli-spinners": {
      "version": "2.7.0",
      "license": "MIT",
      "engines": {
        "node": ">=6"
      },
      "funding": {
        "url": "https://github.com/sponsors/sindresorhus"
      }
    },
    "packages/oh-versions/node_modules/clone": {
      "version": "1.0.4",
      "license": "MIT",
      "engines": {
        "node": ">=0.8"
      }
    },
    "packages/oh-versions/node_modules/commander": {
      "version": "10.0.0",
      "license": "MIT",
      "engines": {
        "node": ">=14"
      }
    },
    "packages/oh-versions/node_modules/defaults": {
      "version": "1.0.4",
      "license": "MIT",
      "dependencies": {
        "clone": "^1.0.2"
      },
      "funding": {
        "url": "https://github.com/sponsors/sindresorhus"
      }
    },
    "packages/oh-versions/node_modules/diff-match-patch": {
      "version": "1.0.5",
      "license": "Apache-2.0"
    },
    "packages/oh-versions/node_modules/ieee754": {
      "version": "1.2.1",
      "funding": [
        {
          "type": "github",
          "url": "https://github.com/sponsors/feross"
        },
        {
          "type": "patreon",
          "url": "https://www.patreon.com/feross"
        },
        {
          "type": "consulting",
          "url": "https://feross.org/support"
        }
      ],
      "license": "BSD-3-Clause"
    },
    "packages/oh-versions/node_modules/inherits": {
      "version": "2.0.4",
      "license": "ISC"
    },
    "packages/oh-versions/node_modules/is-interactive": {
      "version": "2.0.0",
      "license": "MIT",
      "engines": {
        "node": ">=12"
      },
      "funding": {
        "url": "https://github.com/sponsors/sindresorhus"
      }
    },
    "packages/oh-versions/node_modules/is-unicode-supported": {
      "version": "1.3.0",
      "license": "MIT",
      "engines": {
        "node": ">=12"
      },
      "funding": {
        "url": "https://github.com/sponsors/sindresorhus"
      }
    },
    "packages/oh-versions/node_modules/log-symbols": {
      "version": "5.1.0",
      "license": "MIT",
      "dependencies": {
        "chalk": "^5.0.0",
        "is-unicode-supported": "^1.1.0"
      },
      "engines": {
        "node": ">=12"
      },
      "funding": {
        "url": "https://github.com/sponsors/sindresorhus"
      }
    },
    "packages/oh-versions/node_modules/mimic-fn": {
      "version": "2.1.0",
      "license": "MIT",
      "engines": {
        "node": ">=6"
      }
    },
    "packages/oh-versions/node_modules/onetime": {
      "version": "5.1.2",
      "license": "MIT",
      "dependencies": {
        "mimic-fn": "^2.1.0"
      },
      "engines": {
        "node": ">=6"
      },
      "funding": {
        "url": "https://github.com/sponsors/sindresorhus"
      }
    },
    "packages/oh-versions/node_modules/ora": {
      "version": "6.1.2",
      "license": "MIT",
      "dependencies": {
        "bl": "^5.0.0",
        "chalk": "^5.0.0",
        "cli-cursor": "^4.0.0",
        "cli-spinners": "^2.6.1",
        "is-interactive": "^2.0.0",
        "is-unicode-supported": "^1.1.0",
        "log-symbols": "^5.1.0",
        "strip-ansi": "^7.0.1",
        "wcwidth": "^1.0.1"
      },
      "engines": {
        "node": "^12.20.0 || ^14.13.1 || >=16.0.0"
      },
      "funding": {
        "url": "https://github.com/sponsors/sindresorhus"
      }
    },
    "packages/oh-versions/node_modules/readable-stream": {
      "version": "3.6.0",
      "license": "MIT",
      "dependencies": {
        "inherits": "^2.0.3",
        "string_decoder": "^1.1.1",
        "util-deprecate": "^1.0.1"
      },
      "engines": {
        "node": ">= 6"
      }
    },
    "packages/oh-versions/node_modules/restore-cursor": {
      "version": "4.0.0",
      "license": "MIT",
      "dependencies": {
        "onetime": "^5.1.0",
        "signal-exit": "^3.0.2"
      },
      "engines": {
        "node": "^12.20.0 || ^14.13.1 || >=16.0.0"
      },
      "funding": {
        "url": "https://github.com/sponsors/sindresorhus"
      }
    },
    "packages/oh-versions/node_modules/safe-buffer": {
      "version": "5.2.1",
      "funding": [
        {
          "type": "github",
          "url": "https://github.com/sponsors/feross"
        },
        {
          "type": "patreon",
          "url": "https://www.patreon.com/feross"
        },
        {
          "type": "consulting",
          "url": "https://feross.org/support"
        }
      ],
      "license": "MIT"
    },
    "packages/oh-versions/node_modules/signal-exit": {
      "version": "3.0.7",
      "license": "ISC"
    },
    "packages/oh-versions/node_modules/string_decoder": {
      "version": "1.3.0",
      "license": "MIT",
      "dependencies": {
        "safe-buffer": "~5.2.0"
      }
    },
    "packages/oh-versions/node_modules/strip-ansi": {
      "version": "7.0.1",
      "license": "MIT",
      "dependencies": {
        "ansi-regex": "^6.0.1"
      },
      "engines": {
        "node": ">=12"
      },
      "funding": {
        "url": "https://github.com/chalk/strip-ansi?sponsor=1"
      }
    },
    "packages/oh-versions/node_modules/util-deprecate": {
      "version": "1.0.2",
      "license": "MIT"
    },
    "packages/oh-versions/node_modules/wcwidth": {
      "version": "1.0.1",
      "license": "MIT",
      "dependencies": {
        "defaults": "^1.0.3"
      }
    }
  },
  "dependencies": {
    "oh-versions": {
      "version": "file:packages/oh-versions",
      "requires": {
        "@types/diff-match-patch": "^1.0.32",
        "chalk": "^5.2.0",
        "commander": "^10.0.0",
        "diff-match-patch": "^1.0.5",
        "ora": "^6.1.2"
      },
      "dependencies": {
        "@types/diff-match-patch": {
          "version": "1.0.32",
          "dev": true
        },
        "ansi-regex": {
          "version": "6.0.1"
        },
        "base64-js": {
          "version": "1.5.1"
        },
        "bl": {
          "version": "5.1.0",
          "requires": {
            "buffer": "^6.0.3",
            "inherits": "^2.0.4",
            "readable-stream": "^3.4.0"
          }
        },
        "buffer": {
          "version": "6.0.3",
          "requires": {
            "base64-js": "^1.3.1",
            "ieee754": "^1.2.1"
          }
        },
        "chalk": {
          "version": "5.2.0"
        },
        "cli-cursor": {
          "version": "4.0.0",
          "requires": {
            "restore-cursor": "^4.0.0"
          }
        },
        "cli-spinners": {
          "version": "2.7.0"
        },
        "clone": {
          "version": "1.0.4"
        },
        "commander": {
          "version": "10.0.0"
        },
        "defaults": {
          "version": "1.0.4",
          "requires": {
            "clone": "^1.0.2"
          }
        },
        "diff-match-patch": {
          "version": "1.0.5"
        },
        "ieee754": {
          "version": "1.2.1"
        },
        "inherits": {
          "version": "2.0.4"
        },
        "is-interactive": {
          "version": "2.0.0"
        },
        "is-unicode-supported": {
          "version": "1.3.0"
        },
        "log-symbols": {
          "version": "5.1.0",
          "requires": {
            "chalk": "^5.0.0",
            "is-unicode-supported": "^1.1.0"
          }
        },
        "mimic-fn": {
          "version": "2.1.0"
        },
        "onetime": {
          "version": "5.1.2",
          "requires": {
            "mimic-fn": "^2.1.0"
          }
        },
        "ora": {
          "version": "6.1.2",
          "requires": {
            "bl": "^5.0.0",
            "chalk": "^5.0.0",
            "cli-cursor": "^4.0.0",
            "cli-spinners": "^2.6.1",
            "is-interactive": "^2.0.0",
            "is-unicode-supported": "^1.1.0",
            "log-symbols": "^5.1.0",
            "strip-ansi": "^7.0.1",
            "wcwidth": "^1.0.1"
          }
        },
        "readable-stream": {
          "version": "3.6.0",
          "requires": {
            "inherits": "^2.0.3",
            "string_decoder": "^1.1.1",
            "util-deprecate": "^1.0.1"
          }
        },
        "restore-cursor": {
          "version": "4.0.0",
          "requires": {
            "onetime": "^5.1.0",
            "signal-exit": "^3.0.2"
          }
        },
        "safe-buffer": {
          "version": "5.2.1"
        },
        "signal-exit": {
          "version": "3.0.7"
        },
        "string_decoder": {
          "version": "1.3.0",
          "requires": {
            "safe-buffer": "~5.2.0"
          }
        },
        "strip-ansi": {
          "version": "7.0.1",
          "requires": {
            "ansi-regex": "^6.0.1"
          }
        },
        "util-deprecate": {
          "version": "1.0.2"
        },
        "wcwidth": {
          "version": "1.0.1",
          "requires": {
            "defaults": "^1.0.3"
          }
        }
      }
    }
  }
}
